
Microsoft Visual Studio Solution File, Format Version 12.00
# Visual Studio 14
VisualStudioVersion = 14.0.25420.1
MinimumVisualStudioVersion = 10.0.40219.1
Project("{FAE04EC0-301F-11D3-BF4B-00C04F79EFBC}") = "StokTakipUygulamasi.WinFormUI", "StokTakipUygulamasi.WinFormUI\StokTakipUygulamasi.WinFormUI.csproj", "{7DA99DA5-5AB1-413E-B3DD-9D69EBA92190}"
EndProject
Project("{FAE04EC0-301F-11D3-BF4B-00C04F79EFBC}") = "StokTakipUygulamasi.ORM", "StokTakipUygulamasi.ORM\StokTakipUygulamasi.ORM.csproj", "{606E95AB-444A-4C49-A212-CC8C24831B9F}"
EndProject
Project("{FAE04EC0-301F-11D3-BF4B-00C04F79EFBC}") = "StokTakipUygulamasi.Entity", "StokTakipUygulamasi.Entity\StokTakipUygulamasi.Entity.csproj", "{4719F2D4-4DAD-4983-A5DD-ACD81276002A}"
EndProject
Global
	GlobalSection(SolutionConfigurationPlatforms) = preSolution
		Debug|Any CPU = Debug|Any CPU
		Release|Any CPU = Release|Any CPU
	EndGlobalSection
	GlobalSection(ProjectConfigurationPlatforms) = postSolution
		{7DA99DA5-5AB1-413E-B3DD-9D69EBA92190}.Debug|Any CPU.ActiveCfg = Debug|Any CPU
		{7DA99DA5-5AB1-413E-B3DD-9D69EBA92190}.Debug|Any CPU.Build.0 = Debug|Any CPU
		{7DA99DA5-5AB1-413E-B3DD-9D69EBA92190}.Release|Any CPU.ActiveCfg = Release|Any CPU
		{7DA99DA5-5AB1-413E-B3DD-9D69EBA92190}.Release|Any CPU.Build.0 = Release|Any CPU
		{606E95AB-444A-4C49-A212-CC8C24831B9F}.Debug|Any CPU.ActiveCfg = Debug|Any CPU
		{606E95AB-444A-4C49-A212-CC8C24831B9F}.Debug|Any CPU.Build.0 = Debug|Any CPU
		{606E95AB-444A-4C49-A212-CC8C24831B9F}.Release|Any CPU.ActiveCfg = Release|Any CPU
		{606E95AB-444A-4C49-A212-CC8C24831B9F}.Release|Any CPU.Build.0 = Release|Any CPU
		{4719F2D4-4DAD-4983-A5DD-ACD81276002A}.Debug|Any CPU.ActiveCfg = Debug|Any CPU
		{4719F2D4-4DAD-4983-A5DD-ACD81276002A}.Debug|Any CPU.Build.0 = Debug|Any CPU
		{4719F2D4-4DAD-4983-A5DD-ACD81276002A}.Release|Any CPU.ActiveCfg = Release|Any CPU
		{4719F2D4-4DAD-4983-A5DD-ACD81276002A}.Release|Any CPU.Build.0 = Release|Any CPU
	EndGlobalSection
	GlobalSection(SolutionProperties) = preSolution
		HideSolutionNode = FALSE
	EndGlobalSection
EndGlobal
